
Microsoft Visual Studio Solution File, Format Version 12.00
# Visual Studio Version 17
VisualStudioVersion = 17.4.33122.133
MinimumVisualStudioVersion = 10.0.40219.1
Project("{FAE04EC0-301F-11D3-BF4B-00C04F79EFBC}") = "Turkcell_Kitaplık_Projesi", "Turkcell_Kitaplık_Projesi.csproj", "{67B1DAD5-2FCE-4206-997B-B10D232642E3}"
EndProject
Global
	GlobalSection(SolutionConfigurationPlatforms) = preSolution
		Debug|Any CPU = Debug|Any CPU
		Release|Any CPU = Release|Any CPU
	EndGlobalSection
	GlobalSection(ProjectConfigurationPlatforms) = postSolution
		{67B1DAD5-2FCE-4206-997B-B10D232642E3}.Debug|Any CPU.ActiveCfg = Debug|Any CPU
		{67B1DAD5-2FCE-4206-997B-B10D232642E3}.Debug|Any CPU.Build.0 = Debug|Any CPU
		{67B1DAD5-2FCE-4206-997B-B10D232642E3}.Release|Any CPU.ActiveCfg = Release|Any CPU
		{67B1DAD5-2FCE-4206-997B-B10D232642E3}.Release|Any CPU.Build.0 = Release|Any CPU
	EndGlobalSection
	GlobalSection(SolutionProperties) = preSolution
		HideSolutionNode = FALSE
	EndGlobalSection
	GlobalSection(ExtensibilityGlobals) = postSolution
		SolutionGuid = {142E3E63-C0BF-46EE-B31D-A4114427C623}
	EndGlobalSection
EndGlobal
